
Microsoft Visual Studio Solution File, Format Version 12.00
# Visual Studio 15
VisualStudioVersion = 15.0.28010.2026
MinimumVisualStudioVersion = 10.0.40219.1
Project("{9A19103F-16F7-4668-BE54-9A1E7A4F7556}") = "BookAndRent", "BookAndRent\BookAndRent.csproj", "{4356C5D6-144E-4214-A376-1EFEE696C444}"
EndProject
Project("{FAE04EC0-301F-11D3-BF4B-00C04F79EFBC}") = "BookAndRent.Test", "BookAndRent.Test\BookAndRent.Test.csproj", "{04689460-CED7-463E-A67F-6AE522FAD778}"
EndProject
Global
	GlobalSection(SolutionConfigurationPlatforms) = preSolution
		Debug|Any CPU = Debug|Any CPU
		Release|Any CPU = Release|Any CPU
	EndGlobalSection
	GlobalSection(ProjectConfigurationPlatforms) = postSolution
		{4356C5D6-144E-4214-A376-1EFEE696C444}.Debug|Any CPU.ActiveCfg = Debug|Any CPU
		{4356C5D6-144E-4214-A376-1EFEE696C444}.Debug|Any CPU.Build.0 = Debug|Any CPU
		{4356C5D6-144E-4214-A376-1EFEE696C444}.Release|Any CPU.ActiveCfg = Release|Any CPU
		{4356C5D6-144E-4214-A376-1EFEE696C444}.Release|Any CPU.Build.0 = Release|Any CPU
		{04689460-CED7-463E-A67F-6AE522FAD778}.Debug|Any CPU.ActiveCfg = Debug|Any CPU
		{04689460-CED7-463E-A67F-6AE522FAD778}.Debug|Any CPU.Build.0 = Debug|Any CPU
		{04689460-CED7-463E-A67F-6AE522FAD778}.Release|Any CPU.ActiveCfg = Release|Any CPU
		{04689460-CED7-463E-A67F-6AE522FAD778}.Release|Any CPU.Build.0 = Release|Any CPU
	EndGlobalSection
	GlobalSection(SolutionProperties) = preSolution
		HideSolutionNode = FALSE
	EndGlobalSection
	GlobalSection(ExtensibilityGlobals) = postSolution
		SolutionGuid = {45423424-27D2-4390-9E38-3BCBED7DE500}
	EndGlobalSection
EndGlobal
